
Microsoft Visual Studio Solution File, Format Version 12.00
# Visual Studio Version 16
VisualStudioVersion = 16.0.29324.140
MinimumVisualStudioVersion = 10.0.40219.1
Project("{FAE04EC0-301F-11D3-BF4B-00C04F79EFBC}") = "SecondBiggestNumber", "SecondBiggestNumber\SecondBiggestNumber.csproj", "{F5BFC2D0-E5E4-4797-AAAF-022D80CCB17E}"
EndProject
Global
	GlobalSection(SolutionConfigurationPlatforms) = preSolution
		Debug|Any CPU = Debug|Any CPU
		Release|Any CPU = Release|Any CPU
	EndGlobalSection
	GlobalSection(ProjectConfigurationPlatforms) = postSolution
		{F5BFC2D0-E5E4-4797-AAAF-022D80CCB17E}.Debug|Any CPU.ActiveCfg = Debug|Any CPU
		{F5BFC2D0-E5E4-4797-AAAF-022D80CCB17E}.Debug|Any CPU.Build.0 = Debug|Any CPU
		{F5BFC2D0-E5E4-4797-AAAF-022D80CCB17E}.Release|Any CPU.ActiveCfg = Release|Any CPU
		{F5BFC2D0-E5E4-4797-AAAF-022D80CCB17E}.Release|Any CPU.Build.0 = Release|Any CPU
	EndGlobalSection
	GlobalSection(SolutionProperties) = preSolution
		HideSolutionNode = FALSE
	EndGlobalSection
	GlobalSection(ExtensibilityGlobals) = postSolution
		SolutionGuid = {BEA2E71A-7B79-4EA6-B451-FC60AF4EF6C3}
	EndGlobalSection
EndGlobal
